
Microsoft Visual Studio Solution File, Format Version 12.00
# Visual Studio Version 17
VisualStudioVersion = 17.2.32519.379
MinimumVisualStudioVersion = 10.0.40219.1
Project("{FAE04EC0-301F-11D3-BF4B-00C04F79EFBC}") = "Ex1", "Ex1\Ex1.csproj", "{935481BA-2F14-4483-B627-073366C4248B}"
EndProject
Project("{FAE04EC0-301F-11D3-BF4B-00C04F79EFBC}") = "Ex2", "Ex2\Ex2.csproj", "{406905C7-93D4-4A24-9874-F9C12F11170E}"
EndProject
Project("{FAE04EC0-301F-11D3-BF4B-00C04F79EFBC}") = "Ex3", "Ex3\Ex3.csproj", "{8D269649-4C22-4281-A9BB-4F87605DA334}"
EndProject
Project("{FAE04EC0-301F-11D3-BF4B-00C04F79EFBC}") = "Ex4", "Ex4\Ex4.csproj", "{AE8DCA22-B0F8-4B1B-9ECB-2011A536CFAA}"
EndProject
Project("{FAE04EC0-301F-11D3-BF4B-00C04F79EFBC}") = "Ex5", "Ex5\Ex5.csproj", "{89746B68-2E89-4213-8CBE-179A7C9F5AB7}"
EndProject
Project("{FAE04EC0-301F-11D3-BF4B-00C04F79EFBC}") = "Ex6", "Ex6\Ex6.csproj", "{6FCD8CB0-3454-4AFA-AF78-5A9EC261DB4B}"
EndProject
Global
	GlobalSection(SolutionConfigurationPlatforms) = preSolution
		Debug|Any CPU = Debug|Any CPU
		Release|Any CPU = Release|Any CPU
	EndGlobalSection
	GlobalSection(ProjectConfigurationPlatforms) = postSolution
		{935481BA-2F14-4483-B627-073366C4248B}.Debug|Any CPU.ActiveCfg = Debug|Any CPU
		{935481BA-2F14-4483-B627-073366C4248B}.Debug|Any CPU.Build.0 = Debug|Any CPU
		{935481BA-2F14-4483-B627-073366C4248B}.Release|Any CPU.ActiveCfg = Release|Any CPU
		{935481BA-2F14-4483-B627-073366C4248B}.Release|Any CPU.Build.0 = Release|Any CPU
		{406905C7-93D4-4A24-9874-F9C12F11170E}.Debug|Any CPU.ActiveCfg = Debug|Any CPU
		{406905C7-93D4-4A24-9874-F9C12F11170E}.Debug|Any CPU.Build.0 = Debug|Any CPU
		{406905C7-93D4-4A24-9874-F9C12F11170E}.Release|Any CPU.ActiveCfg = Release|Any CPU
		{406905C7-93D4-4A24-9874-F9C12F11170E}.Release|Any CPU.Build.0 = Release|Any CPU
		{8D269649-4C22-4281-A9BB-4F87605DA334}.Debug|Any CPU.ActiveCfg = Debug|Any CPU
		{8D269649-4C22-4281-A9BB-4F87605DA334}.Debug|Any CPU.Build.0 = Debug|Any CPU
		{8D269649-4C22-4281-A9BB-4F87605DA334}.Release|Any CPU.ActiveCfg = Release|Any CPU
		{8D269649-4C22-4281-A9BB-4F87605DA334}.Release|Any CPU.Build.0 = Release|Any CPU
		{AE8DCA22-B0F8-4B1B-9ECB-2011A536CFAA}.Debug|Any CPU.ActiveCfg = Debug|Any CPU
		{AE8DCA22-B0F8-4B1B-9ECB-2011A536CFAA}.Debug|Any CPU.Build.0 = Debug|Any CPU
		{AE8DCA22-B0F8-4B1B-9ECB-2011A536CFAA}.Release|Any CPU.ActiveCfg = Release|Any CPU
		{AE8DCA22-B0F8-4B1B-9ECB-2011A536CFAA}.Release|Any CPU.Build.0 = Release|Any CPU
		{89746B68-2E89-4213-8CBE-179A7C9F5AB7}.Debug|Any CPU.ActiveCfg = Debug|Any CPU
		{89746B68-2E89-4213-8CBE-179A7C9F5AB7}.Debug|Any CPU.Build.0 = Debug|Any CPU
		{89746B68-2E89-4213-8CBE-179A7C9F5AB7}.Release|Any CPU.ActiveCfg = Release|Any CPU
		{89746B68-2E89-4213-8CBE-179A7C9F5AB7}.Release|Any CPU.Build.0 = Release|Any CPU
		{6FCD8CB0-3454-4AFA-AF78-5A9EC261DB4B}.Debug|Any CPU.ActiveCfg = Debug|Any CPU
		{6FCD8CB0-3454-4AFA-AF78-5A9EC261DB4B}.Debug|Any CPU.Build.0 = Debug|Any CPU
		{6FCD8CB0-3454-4AFA-AF78-5A9EC261DB4B}.Release|Any CPU.ActiveCfg = Release|Any CPU
		{6FCD8CB0-3454-4AFA-AF78-5A9EC261DB4B}.Release|Any CPU.Build.0 = Release|Any CPU
	EndGlobalSection
	GlobalSection(SolutionProperties) = preSolution
		HideSolutionNode = FALSE
	EndGlobalSection
	GlobalSection(ExtensibilityGlobals) = postSolution
		SolutionGuid = {8DEBA39A-B5DB-45C4-B0F4-3E3E9B3364A3}
	EndGlobalSection
EndGlobal
